
Microsoft Visual Studio Solution File, Format Version 12.00
Project("{FAE04EC0-301F-11D3-BF4B-00C04F79EFBC}") = "SortierAlgorithmen", "SortierAlgorithmen\SortierAlgorithmen.csproj", "{C975FDD8-A7CA-4CA3-8480-FB4ECBEE730A}"
EndProject
Global
	GlobalSection(SolutionConfigurationPlatforms) = preSolution
		Debug|Any CPU = Debug|Any CPU
		Release|Any CPU = Release|Any CPU
	EndGlobalSection
	GlobalSection(ProjectConfigurationPlatforms) = postSolution
		{C975FDD8-A7CA-4CA3-8480-FB4ECBEE730A}.Debug|Any CPU.ActiveCfg = Debug|Any CPU
		{C975FDD8-A7CA-4CA3-8480-FB4ECBEE730A}.Debug|Any CPU.Build.0 = Debug|Any CPU
		{C975FDD8-A7CA-4CA3-8480-FB4ECBEE730A}.Release|Any CPU.ActiveCfg = Release|Any CPU
		{C975FDD8-A7CA-4CA3-8480-FB4ECBEE730A}.Release|Any CPU.Build.0 = Release|Any CPU
	EndGlobalSection
EndGlobal
